
Microsoft Visual Studio Solution File, Format Version 12.00
# Visual Studio Version 16
VisualStudioVersion = 16.0.31729.503
MinimumVisualStudioVersion = 10.0.40219.1
Project("{FAE04EC0-301F-11D3-BF4B-00C04F79EFBC}") = "ConventionalCommitForm", "ConventionalCommitForm\ConventionalCommitForm.csproj", "{46968915-79CD-44F0-9552-F2FE9788C3E6}"
EndProject
Global
	GlobalSection(SolutionConfigurationPlatforms) = preSolution
		Debug|Any CPU = Debug|Any CPU
		Release|Any CPU = Release|Any CPU
	EndGlobalSection
	GlobalSection(ProjectConfigurationPlatforms) = postSolution
		{46968915-79CD-44F0-9552-F2FE9788C3E6}.Debug|Any CPU.ActiveCfg = Debug|Any CPU
		{46968915-79CD-44F0-9552-F2FE9788C3E6}.Debug|Any CPU.Build.0 = Debug|Any CPU
		{46968915-79CD-44F0-9552-F2FE9788C3E6}.Release|Any CPU.ActiveCfg = Release|Any CPU
		{46968915-79CD-44F0-9552-F2FE9788C3E6}.Release|Any CPU.Build.0 = Release|Any CPU
	EndGlobalSection
	GlobalSection(SolutionProperties) = preSolution
		HideSolutionNode = FALSE
	EndGlobalSection
	GlobalSection(ExtensibilityGlobals) = postSolution
		SolutionGuid = {0B6136E8-D357-474C-B013-C6DD8570132F}
	EndGlobalSection
EndGlobal
